
Microsoft Visual Studio Solution File, Format Version 12.00
# Visual Studio Version 17
VisualStudioVersion = 17.7.34031.279
MinimumVisualStudioVersion = 10.0.40219.1
Project("{FAE04EC0-301F-11D3-BF4B-00C04F79EFBC}") = "BowmenGame", "BowmenGame\BowmenGame.csproj", "{FDC33F5C-1D00-4CA9-AA01-B5BB7333DDD8}"
EndProject
Global
	GlobalSection(SolutionConfigurationPlatforms) = preSolution
		Debug|Any CPU = Debug|Any CPU
		Release|Any CPU = Release|Any CPU
	EndGlobalSection
	GlobalSection(ProjectConfigurationPlatforms) = postSolution
		{FDC33F5C-1D00-4CA9-AA01-B5BB7333DDD8}.Debug|Any CPU.ActiveCfg = Debug|Any CPU
		{FDC33F5C-1D00-4CA9-AA01-B5BB7333DDD8}.Debug|Any CPU.Build.0 = Debug|Any CPU
		{FDC33F5C-1D00-4CA9-AA01-B5BB7333DDD8}.Release|Any CPU.ActiveCfg = Release|Any CPU
		{FDC33F5C-1D00-4CA9-AA01-B5BB7333DDD8}.Release|Any CPU.Build.0 = Release|Any CPU
	EndGlobalSection
	GlobalSection(SolutionProperties) = preSolution
		HideSolutionNode = FALSE
	EndGlobalSection
	GlobalSection(ExtensibilityGlobals) = postSolution
		SolutionGuid = {097B7775-7CC1-47D5-AE08-E89705FE8BCD}
	EndGlobalSection
EndGlobal
